<?xml version="1.0" encoding="utf-8"?>
<Project ToolsVersion="4.0" xmlns="http://schemas.microsoft.com/developer/msbuild/2003">
  <ItemGroup>
    <Filter Include="Source Files">
      <UniqueIdentifier>{4FC737F1-C7A5-4376-A066-2A32D752A2FF}</UniqueIdentifier>
      <Extensions>cpp;c;cc;cxx;def;odl;idl;hpj;bat;asm;asmx</Extensions>
    </Filter>
    <Filter Include="Header Files">
      <UniqueIdentifier>{93995380-89BD-4b04-88EB-625FBE52EBFB}</UniqueIdentifier>
      <Extensions>h;hh;hpp;hxx;hm;inl;inc;ipp;xsd</Extensions>
    </Filter>
    <Filter Include="Resource Files">
      <UniqueIdentifier>{67DA6AB6-F800-4c08-8B7A-83BB121AAD01}</UniqueIdentifier>
      <Extensions>rc;ico;cur;bmp;dlg;rc2;rct;bin;rgs;gif;jpg;jpeg;jpe;resx;tiff;tif;png;wav;mfcribbon-ms</Extensions>
    </Filter>
    <Filter Include="Generated Files">
      <UniqueIdentifier>{11283e43-8e5c-4c18-976b-5cede29ff4a2}</UniqueIdentifier>
      <SourceControlFiles>False</SourceControlFiles>
    </Filter>
    <Filter Include="ui">
      <UniqueIdentifier>{0bb35788-a52f-49f5-ab35-33cd34e9da55}</UniqueIdentifier>
    </Filter>
    <Filter Include="common">
      <UniqueIdentifier>{c96b06a3-b6db-4f40-a39f-c3ae5760c556}</UniqueIdentifier>
    </Filter>
  </ItemGroup>
  <ItemGroup>
    <ClInclude Include="framework.h">
      <Filter>Header Files</Filter>
    </ClInclude>
    <ClInclude Include="targetver.h">
      <Filter>Header Files</Filter>
    </ClInclude>
    <ClInclude Include="Resource.h">
      <Filter>Header Files</Filter>
    </ClInclude>
    <ClInclude Include="dllmain.h">
      <Filter>Header Files</Filter>
    </ClInclude>
    <ClInclude Include="TabExplorer_i.h">
      <Filter>Generated Files</Filter>
    </ClInclude>
    <ClInclude Include="pch.h">
      <Filter>Header Files</Filter>
    </ClInclude>
    <ClInclude Include="DebugLog.h">
      <Filter>Header Files</Filter>
    </ClInclude>
    <ClInclude Include="HookLibManager.h">
      <Filter>Header Files</Filter>
    </ClInclude>
    <ClInclude Include="log_inc.h">
      <Filter>Header Files</Filter>
    </ClInclude>
    <ClInclude Include="TabExplorerBHO.h">
      <Filter>Header Files</Filter>
    </ClInclude>
    <ClInclude Include="ExplorerWindow.h">
      <Filter>Header Files</Filter>
    </ClInclude>
    <ClInclude Include="TabbarBand.h">
      <Filter>Header Files</Filter>
    </ClInclude>
    <ClInclude Include="TabbarBandWindow.h">
      <Filter>Header Files</Filter>
    </ClInclude>
    <ClInclude Include="WspFunctions.h">
      <Filter>Header Files</Filter>
    </ClInclude>
    <ClInclude Include="..\ui\TeTabctrl.h">
      <Filter>ui</Filter>
    </ClInclude>
    <ClInclude Include="..\ui\MemDC.h">
      <Filter>ui</Filter>
    </ClInclude>
    <ClInclude Include="..\ui\atlgdix.h">
      <Filter>ui</Filter>
    </ClInclude>
    <ClInclude Include="..\ui\CustomTabCtrl.h">
      <Filter>ui</Filter>
    </ClInclude>
    <ClInclude Include="..\ui\DotNetTabCtrl.h">
      <Filter>ui</Filter>
    </ClInclude>
    <ClInclude Include="..\common\ShellFunctions.h">
      <Filter>common</Filter>
    </ClInclude>
    <ClInclude Include="..\common\ShellBrowserEx.h">
      <Filter>common</Filter>
    </ClInclude>
    <ClInclude Include="..\common\GuidEx.h">
      <Filter>common</Filter>
    </ClInclude>
    <ClInclude Include="..\common\SystemFolders.h">
      <Filter>common</Filter>
    </ClInclude>
    <ClInclude Include="..\common\SystemFunctions.h">
      <Filter>common</Filter>
    </ClInclude>
    <ClInclude Include="..\common\ShellWrapper.h">
      <Filter>common</Filter>
    </ClInclude>
    <ClInclude Include="..\common\ShellGuids.h">
      <Filter>common</Filter>
    </ClInclude>
  </ItemGroup>
  <ItemGroup>
    <ClCompile Include="TabExplorer.cpp">
      <Filter>Source Files</Filter>
    </ClCompile>
    <ClCompile Include="dllmain.cpp">
      <Filter>Source Files</Filter>
    </ClCompile>
    <ClCompile Include="TabExplorer_i.c">
      <Filter>Generated Files</Filter>
    </ClCompile>
    <ClCompile Include="pch.cpp">
      <Filter>Source Files</Filter>
    </ClCompile>
    <ClCompile Include="DebugLog.cpp">
      <Filter>Source Files</Filter>
    </ClCompile>
    <ClCompile Include="HookLibManager.cpp">
      <Filter>Source Files</Filter>
    </ClCompile>
    <ClCompile Include="TabExplorerBHO.cpp">
      <Filter>Source Files</Filter>
    </ClCompile>
    <ClCompile Include="ExplorerWindow.cpp">
      <Filter>Source Files</Filter>
    </ClCompile>
    <ClCompile Include="TabbarBand.cpp">
      <Filter>Source Files</Filter>
    </ClCompile>
    <ClCompile Include="TabbarBandWindow.cpp">
      <Filter>Source Files</Filter>
    </ClCompile>
    <ClCompile Include="WspFunctions.cpp">
      <Filter>Source Files</Filter>
    </ClCompile>
    <ClCompile Include="..\common\ShellFunctions.cpp">
      <Filter>common</Filter>
    </ClCompile>
    <ClCompile Include="..\common\ShellBrowserEx.cpp">
      <Filter>common</Filter>
    </ClCompile>
    <ClCompile Include="..\common\GuidEx.cpp">
      <Filter>common</Filter>
    </ClCompile>
    <ClCompile Include="..\common\SystemFolders.cpp">
      <Filter>common</Filter>
    </ClCompile>
    <ClCompile Include="..\common\SystemFunctions.cpp">
      <Filter>common</Filter>
    </ClCompile>
    <ClCompile Include="..\common\ShellWrapper.cpp">
      <Filter>common</Filter>
    </ClCompile>
    <ClCompile Include="..\common\ShellGuids.cpp">
      <Filter>common</Filter>
    </ClCompile>
  </ItemGroup>
  <ItemGroup>
    <ResourceCompile Include="TabExplorer.rc">
      <Filter>Resource Files</Filter>
    </ResourceCompile>
  </ItemGroup>
  <ItemGroup>
    <None Include="res\TabExplorer.rgs">
      <Filter>Resource Files</Filter>
    </None>
    <None Include="TabExplorer.def">
      <Filter>Source Files</Filter>
    </None>
    <None Include="res\TabExplorerBHO.rgs">
      <Filter>Resource Files</Filter>
    </None>
    <None Include="res\TarbarBand.rgs">
      <Filter>Resource Files</Filter>
    </None>
  </ItemGroup>
  <ItemGroup>
    <Midl Include="TabExplorer.idl">
      <Filter>Source Files</Filter>
    </Midl>
  </ItemGroup>
  <ItemGroup>
    <Image Include="res\ClassicShell.ico">
      <Filter>Resource Files</Filter>
    </Image>
    <Image Include="res\up2Disabled.ico">
      <Filter>Resource Files</Filter>
    </Image>
    <Image Include="res\up2Hot.ico">
      <Filter>Resource Files</Filter>
    </Image>
    <Image Include="res\up2Normal.ico">
      <Filter>Resource Files</Filter>
    </Image>
    <Image Include="res\up2Pressed.ico">
      <Filter>Resource Files</Filter>
    </Image>
    <Image Include="res\up.ico">
      <Filter>Resource Files</Filter>
    </Image>
    <Image Include="res\upDisabled.ico">
      <Filter>Resource Files</Filter>
    </Image>
  </ItemGroup>
</Project>
